// !$*UTF8*$!
{
	archiveVersion = 1;
	classes = {
	};
	objectVersion = 50;
	objects = {

/* Begin PBXBuildFile section */
		057352C62208FD3C006E1D37 /* AppDelegate.swift in Sources */ = {isa = PBXBuildFile; fileRef = 057352C52208FD3C006E1D37 /* AppDelegate.swift */; };
		057352C82208FD3C006E1D37 /* ViewController.swift in Sources */ = {isa = PBXBuildFile; fileRef = 057352C72208FD3C006E1D37 /* ViewController.swift */; };
		057352CB2208FD3C006E1D37 /* Main.storyboard in Resources */ = {isa = PBXBuildFile; fileRef = 057352C92208FD3C006E1D37 /* Main.storyboard */; };
		057352CD2208FD3D006E1D37 /* Assets.xcassets in Resources */ = {isa = PBXBuildFile; fileRef = 057352CC2208FD3D006E1D37 /* Assets.xcassets */; };
		057352D02208FD3D006E1D37 /* LaunchScreen.storyboard in Resources */ = {isa = PBXBuildFile; fileRef = 057352CE2208FD3D006E1D37 /* LaunchScreen.storyboard */; };
		057352DB2208FD3D006E1D37 /* FlixTests.swift in Sources */ = {isa = PBXBuildFile; fileRef = 057352DA2208FD3D006E1D37 /* FlixTests.swift */; };
		057352E62208FD3D006E1D37 /* FlixUITests.swift in Sources */ = {isa = PBXBuildFile; fileRef = 057352E52208FD3D006E1D37 /* FlixUITests.swift */; };
/* End PBXBuildFile section */

/* Begin PBXContainerItemProxy section */
		057352D72208FD3D006E1D37 /* PBXContainerItemProxy */ = {
			isa = PBXContainerItemProxy;
			containerPortal = 057352BA2208FD3C006E1D37 /* Project object */;
			proxyType = 1;
			remoteGlobalIDString = 057352C12208FD3C006E1D37;
			remoteInfo = Flix;
		};
		057352E22208FD3D006E1D37 /* PBXContainerItemProxy */ = {
			isa = PBXContainerItemProxy;
			containerPortal = 057352BA2208FD3C006E1D37 /* Project object */;
			proxyType = 1;
			remoteGlobalIDString = 057352C12208FD3C006E1D37;
			remoteInfo = Flix;
		};
/* End PBXContainerItemProxy section */

/* Begin PBXFileReference section */
		057352C22208FD3C006E1D37 /* Flix.app */ = {isa = PBXFileReference; explicitFileType = wrapper.application; includeInIndex = 0; path = Flix.app; sourceTree = BUILT_PRODUCTS_DIR; };
		057352C52208FD3C006E1D37 /* AppDelegate.swift */ = {isa = PBXFileReference; lastKnownFileType = sourcecode.swift; path = AppDelegate.swift; sourceTree = "<group>"; };
		057352C72208FD3C006E1D37 /* ViewController.swift */ = {isa = PBXFileReference; lastKnownFileType = sourcecode.swift; path = ViewController.swift; sourceTree = "<group>"; };
		057352CA2208FD3C006E1D37 /* Base */ = {isa = PBXFileReference; lastKnownFileType = file.storyboard; name = Base; path = Base.lproj/Main.storyboard; sourceTree = "<group>"; };
		057352CC2208FD3D006E1D37 /* Assets.xcassets */ = {isa = PBXFileReference; lastKnownFileType = folder.assetcatalog; path = Assets.xcassets; sourceTree = "<group>"; };
		057352CF2208FD3D006E1D37 /* Base */ = {isa = PBXFileReference; lastKnownFileType = file.storyboard; name = Base; path = Base.lproj/LaunchScreen.storyboard; sourceTree = "<group>"; };
		057352D12208FD3D006E1D37 /* Info.plist */ = {isa = PBXFileReference; lastKnownFileType = text.plist.xml; path = Info.plist; sourceTree = "<group>"; };
		057352D62208FD3D006E1D37 /* FlixTests.xctest */ = {isa = PBXFileReference; explicitFileType = wrapper.cfbundle; includeInIndex = 0; path = FlixTests.xctest; sourceTree = BUILT_PRODUCTS_DIR; };
		057352DA2208FD3D006E1D37 /* FlixTests.swift */ = {isa = PBXFileReference; lastKnownFileType = sourcecode.swift; path = FlixTests.swift; sourceTree = "<group>"; };
		057352DC2208FD3D006E1D37 /* Info.plist */ = {isa = PBXFileReference; lastKnownFileType = text.plist.xml; path = Info.plist; sourceTree = "<group>"; };
		057352E12208FD3D006E1D37 /* FlixUITests.xctest */ = {isa = PBXFileReference; explicitFileType = wrapper.cfbundle; includeInIndex = 0; path = FlixUITests.xctest; sourceTree = BUILT_PRODUCTS_DIR; };
		057352E52208FD3D006E1D37 /* FlixUITests.swift */ = {isa = PBXFileReference; lastKnownFileType = sourcecode.swift; path = FlixUITests.swift; sourceTree = "<group>"; };
		057352E72208FD3D006E1D37 /* Info.plist */ = {isa = PBXFileReference; lastKnownFileType = text.plist.xml; path = Info.plist; sourceTree = "<group>"; };
/* End PBXFileReference section */

/* Begin PBXFrameworksBuildPhase section */
		057352BF2208FD3C006E1D37 /* Frameworks */ = {
			isa = PBXFrameworksBuildPhase;
			buildActionMask = 2147483647;
			files = (
			);
			runOnlyForDeploymentPostprocessing = 0;
		};
		057352D32208FD3D006E1D37 /* Frameworks */ = {
			isa = PBXFrameworksBuildPhase;
			buildActionMask = 2147483647;
			files = (
			);
			runOnlyForDeploymentPostprocessing = 0;
		};
		057352DE2208FD3D006E1D37 /* Frameworks */ = {
			isa = PBXFrameworksBuildPhase;
			buildActionMask = 2147483647;
			files = (
			);
			runOnlyForDeploymentPostprocessing = 0;
		};
/* End PBXFrameworksBuildPhase section */

/* Begin PBXGroup section */
		057352B92208FD3C006E1D37 = {
			isa = PBXGroup;
			children = (
				057352C42208FD3C006E1D37 /* Flix */,
				057352D92208FD3D006E1D37 /* FlixTests */,
				057352E42208FD3D006E1D37 /* FlixUITests */,
				057352C32208FD3C006E1D37 /* Products */,
			);
			sourceTree = "<group>";
		};
		057352C32208FD3C006E1D37 /* Products */ = {
			isa = PBXGroup;
			children = (
				057352C22208FD3C006E1D37 /* Flix.app */,
				057352D62208FD3D006E1D37 /* FlixTests.xctest */,
				057352E12208FD3D006E1D37 /* FlixUITests.xctest */,
			);
			name = Products;
			sourceTree = "<group>";
		};
		057352C42208FD3C006E1D37 /* Flix */ = {
			isa = PBXGroup;
			children = (
				057352C52208FD3C006E1D37 /* AppDelegate.swift */,
				057352C72208FD3C006E1D37 /* ViewController.swift */,
				057352C92208FD3C006E1D37 /* Main.storyboard */,
				057352CC2208FD3D006E1D37 /* Assets.xcassets */,
				057352CE2208FD3D006E1D37 /* LaunchScreen.storyboard */,
				057352D12208FD3D006E1D37 /* Info.plist */,
			);
			path = Flix;
			sourceTree = "<group>";
		};
		057352D92208FD3D006E1D37 /* FlixTests */ = {
			isa = PBXGroup;
			children = (
				057352DA2208FD3D006E1D37 /* FlixTests.swift */,
				057352DC2208FD3D006E1D37 /* Info.plist */,
			);
			path = FlixTests;
			sourceTree = "<group>";
		};
		057352E42208FD3D006E1D37 /* FlixUITests */ = {
			isa = PBXGroup;
			children = (
				057352E52208FD3D006E1D37 /* FlixUITests.swift */,
				057352E72208FD3D006E1D37 /* Info.plist */,
			);
			path = FlixUITests;
			sourceTree = "<group>";
		};
/* End PBXGroup section */

/* Begin PBXNativeTarget section */
		057352C12208FD3C006E1D37 /* Flix */ = {
			isa = PBXNativeTarget;
			buildConfigurationList = 057352EA2208FD3D006E1D37 /* Build configuration list for PBXNativeTarget "Flix" */;
			buildPhases = (
				057352BE2208FD3C006E1D37 /* Sources */,
				057352BF2208FD3C006E1D37 /* Frameworks */,
				057352C02208FD3C006E1D37 /* Resources */,
			);
			buildRules = (
			);
			dependencies = (
			);
			name = Flix;
			productName = Flix;
			productReference = 057352C22208FD3C006E1D37 /* Flix.app */;
			productType = "com.apple.product-type.application";
		};
		057352D52208FD3D006E1D37 /* FlixTests */ = {
			isa = PBXNativeTarget;
			buildConfigurationList = 057352ED2208FD3D006E1D37 /* Build configuration list for PBXNativeTarget "FlixTests" */;
			buildPhases = (
				057352D22208FD3D006E1D37 /* Sources */,
				057352D32208FD3D006E1D37 /* Frameworks */,
				057352D42208FD3D006E1D37 /* Resources */,
			);
			buildRules = (
			);
			dependencies = (
				057352D82208FD3D006E1D37 /* PBXTargetDependency */,
			);
			name = FlixTests;
			productName = FlixTests;
			productReference = 057352D62208FD3D006E1D37 /* FlixTests.xctest */;
			productType = "com.apple.product-type.bundle.unit-test";
		};
		057352E02208FD3D006E1D37 /* FlixUITests */ = {
			isa = PBXNativeTarget;
			buildConfigurationList = 057352F02208FD3D006E1D37 /* Build configuration list for PBXNativeTarget "FlixUITests" */;
			buildPhases = (
				057352DD2208FD3D006E1D37 /* Sources */,
				057352DE2208FD3D006E1D37 /* Frameworks */,
				057352DF2208FD3D006E1D37 /* Resources */,
			);
			buildRules = (
			);
			dependencies = (
				057352E32208FD3D006E1D37 /* PBXTargetDependency */,
			);
			name = FlixUITests;
			productName = FlixUITests;
			productReference = 057352E12208FD3D006E1D37 /* FlixUITests.xctest */;
			productType = "com.apple.product-type.bundle.ui-testing";
		};
/* End PBXNativeTarget section */

/* Begin PBXProject section */
		057352BA2208FD3C006E1D37 /* Project object */ = {
			isa = PBXProject;
			attributes = {
				LastSwiftUpdateCheck = 1010;
				LastUpgradeCheck = 1010;
				ORGANIZATIONNAME = "Maksat Zhazbayev";
				TargetAttributes = {
					057352C12208FD3C006E1D37 = {
						CreatedOnToolsVersion = 10.1;
					};
					057352D52208FD3D006E1D37 = {
						CreatedOnToolsVersion = 10.1;
						TestTargetID = 057352C12208FD3C006E1D37;
					};
					057352E02208FD3D006E1D37 = {
						CreatedOnToolsVersion = 10.1;
						TestTargetID = 057352C12208FD3C006E1D37;
					};
				};
			};
			buildConfigurationList = 057352BD2208FD3C006E1D37 /* Build configuration list for PBXProject "Flix" */;
			compatibilityVersion = "Xcode 9.3";
			developmentRegion = en;
			hasScannedForEncodings = 0;
			knownRegions = (
				en,
				Base,
			);
			mainGroup = 057352B92208FD3C006E1D37;
			productRefGroup = 057352C32208FD3C006E1D37 /* Products */;
			projectDirPath = "";
			projectRoot = "";
			targets = (
				057352C12208FD3C006E1D37 /* Flix */,
				057352D52208FD3D006E1D37 /* FlixTests */,
				057352E02208FD3D006E1D37 /* FlixUITests */,
			);
		};
/* End PBXProject section */

/* Begin PBXResourcesBuildPhase section */
		057352C02208FD3C006E1D37 /* Resources */ = {
			isa = PBXResourcesBuildPhase;
			buildActionMask = 2147483647;
			files = (
				057352D02208FD3D006E1D37 /* LaunchScreen.storyboard in Resources */,
				057352CD2208FD3D006E1D37 /* Assets.xcassets in Resources */,
				057352CB2208FD3C006E1D37 /* Main.storyboard in Resources */,
			);
			runOnlyForDeploymentPostprocessing = 0;
		};
		057352D42208FD3D006E1D37 /* Resources */ = {
			isa = PBXResourcesBuildPhase;
			buildActionMask = 2147483647;
			files = (
			);
			runOnlyForDeploymentPostprocessing = 0;
		};
		057352DF2208FD3D006E1D37 /* Resources */ = {
			isa = PBXResourcesBuildPhase;
			buildActionMask = 2147483647;
			files = (
			);
			runOnlyForDeploymentPostprocessing = 0;
		};
/* End PBXResourcesBuildPhase section */

/* Begin PBXSourcesBuildPhase section */
		057352BE2208FD3C006E1D37 /* Sources */ = {
			isa = PBXSourcesBuildPhase;
			buildActionMask = 2147483647;
			files = (
				057352C82208FD3C006E1D37 /* ViewController.swift in Sources */,
				057352C62208FD3C006E1D37 /* AppDelegate.swift in Sources */,
			);
			runOnlyForDeploymentPostprocessing = 0;
		};
		057352D22208FD3D006E1D37 /* Sources */ = {
			isa = PBXSourcesBuildPhase;
			buildActionMask = 2147483647;
			files = (
				057352DB2208FD3D006E1D37 /* FlixTests.swift in Sources */,
			);
			runOnlyForDeploymentPostprocessing = 0;
		};
		057352DD2208FD3D006E1D37 /* Sources */ = {
			isa = PBXSourcesBuildPhase;
			buildActionMask = 2147483647;
			files = (
				057352E62208FD3D006E1D37 /* FlixUITests.swift in Sources */,
			);
			runOnlyForDeploymentPostprocessing = 0;
		};
/* End PBXSourcesBuildPhase section */

/* Begin PBXTargetDependency section */
		057352D82208FD3D006E1D37 /* PBXTargetDependency */ = {
			isa = PBXTargetDependency;
			target = 057352C12208FD3C006E1D37 /* Flix */;
			targetProxy = 057352D72208FD3D006E1D37 /* PBXContainerItemProxy */;
		};
		057352E32208FD3D006E1D37 /* PBXTargetDependency */ = {
			isa = PBXTargetDependency;
			target = 057352C12208FD3C006E1D37 /* Flix */;
			targetProxy = 057352E22208FD3D006E1D37 /* PBXContainerItemProxy */;
		};
/* End PBXTargetDependency section */

/* Begin PBXVariantGroup section */
		057352C92208FD3C006E1D37 /* Main.storyboard */ = {
			isa = PBXVariantGroup;
			children = (
				057352CA2208FD3C006E1D37 /* Base */,
			);
			name = Main.storyboard;
			sourceTree = "<group>";
		};
		057352CE2208FD3D006E1D37 /* LaunchScreen.storyboard */ = {
			isa = PBXVariantGroup;
			children = (
				057352CF2208FD3D006E1D37 /* Base */,
			);
			name = LaunchScreen.storyboard;
			sourceTree = "<group>";
		};
/* End PBXVariantGroup section */

/* Begin XCBuildConfiguration section */
		057352E82208FD3D006E1D37 /* Debug */ = {
			isa = XCBuildConfiguration;
			buildSettings = {
				ALWAYS_SEARCH_USER_PATHS = NO;
				CLANG_ANALYZER_NONNULL = YES;
				CLANG_ANALYZER_NUMBER_OBJECT_CONVERSION = YES_AGGRESSIVE;
				CLANG_CXX_LANGUAGE_STANDARD = "gnu++14";
				CLANG_CXX_LIBRARY = "libc++";
				CLANG_ENABLE_MODULES = YES;
				CLANG_ENABLE_OBJC_ARC = YES;
				CLANG_ENABLE_OBJC_WEAK = YES;
				CLANG_WARN_BLOCK_CAPTURE_AUTORELEASING = YES;
				CLANG_WARN_BOOL_CONVERSION = YES;
				CLANG_WARN_COMMA = YES;
				CLANG_WARN_CONSTANT_CONVERSION = YES;
				CLANG_WARN_DEPRECATED_OBJC_IMPLEMENTATIONS = YES;
				CLANG_WARN_DIRECT_OBJC_ISA_USAGE = YES_ERROR;
				CLANG_WARN_DOCUMENTATION_COMMENTS = YES;
				CLANG_WARN_EMPTY_BODY = YES;
				CLANG_WARN_ENUM_CONVERSION = YES;
				CLANG_WARN_INFINITE_RECURSION = YES;
				CLANG_WARN_INT_CONVERSION = YES;
				CLANG_WARN_NON_LITERAL_NULL_CONVERSION = YES;
				CLANG_WARN_OBJC_IMPLICIT_RETAIN_SELF = YES;
				CLANG_WARN_OBJC_LITERAL_CONVERSION = YES;
				CLANG_WARN_OBJC_ROOT_CLASS = YES_ERROR;
				CLANG_WARN_RANGE_LOOP_ANALYSIS = YES;
				CLANG_WARN_STRICT_PROTOTYPES = YES;
				CLANG_WARN_SUSPICIOUS_MOVE = YES;
				CLANG_WARN_UNGUARDED_AVAILABILITY = YES_AGGRESSIVE;
				CLANG_WARN_UNREACHABLE_CODE = YES;
				CLANG_WARN__DUPLICATE_METHOD_MATCH = YES;
				CODE_SIGN_IDENTITY = "iPhone Developer";
				COPY_PHASE_STRIP = NO;
				DEBUG_INFORMATION_FORMAT = dwarf;
				ENABLE_STRICT_OBJC_MSGSEND = YES;
				ENABLE_TESTABILITY = YES;
				GCC_C_LANGUAGE_STANDARD = gnu11;
				GCC_DYNAMIC_NO_PIC = NO;
				GCC_NO_COMMON_BLOCKS = YES;
				GCC_OPTIMIZATION_LEVEL = 0;
				GCC_PREPROCESSOR_DEFINITIONS = (
					"DEBUG=1",
					"$(inherited)",
				);
				GCC_WARN_64_TO_32_BIT_CONVERSION = YES;
				GCC_WARN_ABOUT_RETURN_TYPE = YES_ERROR;
				GCC_WARN_UNDECLARED_SELECTOR = YES;
				GCC_WARN_UNINITIALIZED_AUTOS = YES_AGGRESSIVE;
				GCC_WARN_UNUSED_FUNCTION = YES;
				GCC_WARN_UNUSED_VARIABLE = YES;
				IPHONEOS_DEPLOYMENT_TARGET = 12.1;
				MTL_ENABLE_DEBUG_INFO = INCLUDE_SOURCE;
				MTL_FAST_MATH = YES;
				ONLY_ACTIVE_ARCH = YES;
				SDKROOT = iphoneos;
				SWIFT_ACTIVE_COMPILATION_CONDITIONS = DEBUG;
				SWIFT_OPTIMIZATION_LEVEL = "-Onone";
			};
			name = Debug;
		};
		057352E92208FD3D006E1D37 /* Release */ = {
			isa = XCBuildConfiguration;
			buildSettings = {
				ALWAYS_SEARCH_USER_PATHS = NO;
				CLANG_ANALYZER_NONNULL = YES;
				CLANG_ANALYZER_NUMBER_OBJECT_CONVERSION = YES_AGGRESSIVE;
				CLANG_CXX_LANGUAGE_STANDARD = "gnu++14";
				CLANG_CXX_LIBRARY = "libc++";
				CLANG_ENABLE_MODULES = YES;
				CLANG_ENABLE_OBJC_ARC = YES;
				CLANG_ENABLE_OBJC_WEAK = YES;
				CLANG_WARN_BLOCK_CAPTURE_AUTORELEASING = YES;
				CLANG_WARN_BOOL_CONVERSION = YES;
				CLANG_WARN_COMMA = YES;
				CLANG_WARN_CONSTANT_CONVERSION = YES;
				CLANG_WARN_DEPRECATED_OBJC_IMPLEMENTATIONS = YES;
				CLANG_WARN_DIRECT_OBJC_ISA_USAGE = YES_ERROR;
				CLANG_WARN_DOCUMENTATION_COMMENTS = YES;
				CLANG_WARN_EMPTY_BODY = YES;
				CLANG_WARN_ENUM_CONVERSION = YES;
				CLANG_WARN_INFINITE_RECURSION = YES;
				CLANG_WARN_INT_CONVERSION = YES;
				CLANG_WARN_NON_LITERAL_NULL_CONVERSION = YES;
				CLANG_WARN_OBJC_IMPLICIT_RETAIN_SELF = YES;
				CLANG_WARN_OBJC_LITERAL_CONVERSION = YES;
				CLANG_WARN_OBJC_ROOT_CLASS = YES_ERROR;
				CLANG_WARN_RANGE_LOOP_ANALYSIS = YES;
				CLANG_WARN_STRICT_PROTOTYPES = YES;
				CLANG_WARN_SUSPICIOUS_MOVE = YES;
				CLANG_WARN_UNGUARDED_AVAILABILITY = YES_AGGRESSIVE;
				CLANG_WARN_UNREACHABLE_CODE = YES;
				CLANG_WARN__DUPLICATE_METHOD_MATCH = YES;
				CODE_SIGN_IDENTITY = "iPhone Developer";
				COPY_PHASE_STRIP = NO;
				DEBUG_INFORMATION_FORMAT = "dwarf-with-dsym";
				ENABLE_NS_ASSERTIONS = NO;
				ENABLE_STRICT_OBJC_MSGSEND = YES;
				GCC_C_LANGUAGE_STANDARD = gnu11;
				GCC_NO_COMMON_BLOCKS = YES;
				GCC_WARN_64_TO_32_BIT_CONVERSION = YES;
				GCC_WARN_ABOUT_RETURN_TYPE = YES_ERROR;
				GCC_WARN_UNDECLARED_SELECTOR = YES;
				GCC_WARN_UNINITIALIZED_AUTOS = YES_AGGRESSIVE;
				GCC_WARN_UNUSED_FUNCTION = YES;
				GCC_WARN_UNUSED_VARIABLE = YES;
				IPHONEOS_DEPLOYMENT_TARGET = 12.1;
				MTL_ENABLE_DEBUG_INFO = NO;
				MTL_FAST_MATH = YES;
				SDKROOT = iphoneos;
				SWIFT_COMPILATION_MODE = wholemodule;
				SWIFT_OPTIMIZATION_LEVEL = "-O";
				VALIDATE_PRODUCT = YES;
			};
			name = Release;
		};
		057352EB2208FD3D006E1D37 /* Debug */ = {
			isa = XCBuildConfiguration;
			buildSettings = {
				ASSETCATALOG_COMPILER_APPICON_NAME = AppIcon;
				CODE_SIGN_STYLE = Automatic;
				INFOPLIST_FILE = Flix/Info.plist;
				LD_RUNPATH_SEARCH_PATHS = (
					"$(inherited)",
					"@executable_path/Frameworks",
				);
				PRODUCT_BUNDLE_IDENTIFIER = mzhazbay.Flix;
				PRODUCT_NAME = "$(TARGET_NAME)";
				SWIFT_VERSION = 4.2;
				TARGETED_DEVICE_FAMILY = "1,2";
			};
			name = Debug;
		};
		057352EC2208FD3D006E1D37 /* Release */ = {
			isa = XCBuildConfiguration;
			buildSettings = {
				ASSETCATALOG_COMPILER_APPICON_NAME = AppIcon;
				CODE_SIGN_STYLE = Automatic;
				INFOPLIST_FILE = Flix/Info.plist;
				LD_RUNPATH_SEARCH_PATHS = (
					"$(inherited)",
					"@executable_path/Frameworks",
				);
				PRODUCT_BUNDLE_IDENTIFIER = mzhazbay.Flix;
				PRODUCT_NAME = "$(TARGET_NAME)";
				SWIFT_VERSION = 4.2;
				TARGETED_DEVICE_FAMILY = "1,2";
			};
			name = Release;
		};
		057352EE2208FD3D006E1D37 /* Debug */ = {
			isa = XCBuildConfiguration;
			buildSettings = {
				ALWAYS_EMBED_SWIFT_STANDARD_LIBRARIES = YES;
				BUNDLE_LOADER = "$(TEST_HOST)";
				CODE_SIGN_STYLE = Automatic;
				INFOPLIST_FILE = FlixTests/Info.plist;
				LD_RUNPATH_SEARCH_PATHS = (
					"$(inherited)",
					"@executable_path/Frameworks",
					"@loader_path/Frameworks",
				);
				PRODUCT_BUNDLE_IDENTIFIER = mzhazbay.FlixTests;
				PRODUCT_NAME = "$(TARGET_NAME)";
				SWIFT_VERSION = 4.2;
				TARGETED_DEVICE_FAMILY = "1,2";
				TEST_HOST = "$(BUILT_PRODUCTS_DIR)/Flix.app/Flix";
			};
			name = Debug;
		};
		057352EF2208FD3D006E1D37 /* Release */ = {
			isa = XCBuildConfiguration;
			buildSettings = {
				ALWAYS_EMBED_SWIFT_STANDARD_LIBRARIES = YES;
				BUNDLE_LOADER = "$(TEST_HOST)";
				CODE_SIGN_STYLE = Automatic;
				INFOPLIST_FILE = FlixTests/Info.plist;
				LD_RUNPATH_SEARCH_PATHS = (
					"$(inherited)",
					"@executable_path/Frameworks",
					"@loader_path/Frameworks",
				);
				PRODUCT_BUNDLE_IDENTIFIER = mzhazbay.FlixTests;
				PRODUCT_NAME = "$(TARGET_NAME)";
				SWIFT_VERSION = 4.2;
				TARGETED_DEVICE_FAMILY = "1,2";
				TEST_HOST = "$(BUILT_PRODUCTS_DIR)/Flix.app/Flix";
			};
			name = Release;
		};
		057352F12208FD3D006E1D37 /* Debug */ = {
			isa = XCBuildConfiguration;
			buildSettings = {
				ALWAYS_EMBED_SWIFT_STANDARD_LIBRARIES = YES;
				CODE_SIGN_STYLE = Automatic;
				INFOPLIST_FILE = FlixUITests/Info.plist;
				LD_RUNPATH_SEARCH_PATHS = (
					"$(inherited)",
					"@executable_path/Frameworks",
					"@loader_path/Frameworks",
				);
				PRODUCT_BUNDLE_IDENTIFIER = mzhazbay.FlixUITests;
				PRODUCT_NAME = "$(TARGET_NAME)";
				SWIFT_VERSION = 4.2;
				TARGETED_DEVICE_FAMILY = "1,2";
				TEST_TARGET_NAME = Flix;
			};
			name = Debug;
		};
		057352F22208FD3D006E1D37 /* Release */ = {
			isa = XCBuildConfiguration;
			buildSettings = {
				ALWAYS_EMBED_SWIFT_STANDARD_LIBRARIES = YES;
				CODE_SIGN_STYLE = Automatic;
				INFOPLIST_FILE = FlixUITests/Info.plist;
				LD_RUNPATH_SEARCH_PATHS = (
					"$(inherited)",
					"@executable_path/Frameworks",
					"@loader_path/Frameworks",
				);
				PRODUCT_BUNDLE_IDENTIFIER = mzhazbay.FlixUITests;
				PRODUCT_NAME = "$(TARGET_NAME)";
				SWIFT_VERSION = 4.2;
				TARGETED_DEVICE_FAMILY = "1,2";
				TEST_TARGET_NAME = Flix;
			};
			name = Release;
		};
/* End XCBuildConfiguration section */

/* Begin XCConfigurationList section */
		057352BD2208FD3C006E1D37 /* Build configuration list for PBXProject "Flix" */ = {
			isa = XCConfigurationList;
			buildConfigurations = (
				057352E82208FD3D006E1D37 /* Debug */,
				057352E92208FD3D006E1D37 /* Release */,
			);
			defaultConfigurationIsVisible = 0;
			defaultConfigurationName = Release;
		};
		057352EA2208FD3D006E1D37 /* Build configuration list for PBXNativeTarget "Flix" */ = {
			isa = XCConfigurationList;
			buildConfigurations = (
				057352EB2208FD3D006E1D37 /* Debug */,
				057352EC2208FD3D006E1D37 /* Release */,
			);
			defaultConfigurationIsVisible = 0;
			defaultConfigurationName = Release;
		};
		057352ED2208FD3D006E1D37 /* Build configuration list for PBXNativeTarget "FlixTests" */ = {
			isa = XCConfigurationList;
			buildConfigurations = (
				057352EE2208FD3D006E1D37 /* Debug */,
				057352EF2208FD3D006E1D37 /* Release */,
			);
			defaultConfigurationIsVisible = 0;
			defaultConfigurationName = Release;
		};
		057352F02208FD3D006E1D37 /* Build configuration list for PBXNativeTarget "FlixUITests" */ = {
			isa = XCConfigurationList;
			buildConfigurations = (
				057352F12208FD3D006E1D37 /* Debug */,
				057352F22208FD3D006E1D37 /* Release */,
			);
			defaultConfigurationIsVisible = 0;
			defaultConfigurationName = Release;
		};
/* End XCConfigurationList section */
	};
	rootObject = 057352BA2208FD3C006E1D37 /* Project object */;
}
